// !$*UTF8*$!
{
	archiveVersion = 1;
	classes = {
	};
	objectVersion = 50;
	objects = {

/* Begin PBXBuildFile section */
		600B3FAB21F9EE2F002BCD93 /* LMJMapViewController.m in Sources */ = {isa = PBXBuildFile; fileRef = 600B3FAA21F9EE2F002BCD93 /* LMJMapViewController.m */; };
		600B3FB221F9F088002BCD93 /* WGMapCommonView.m in Sources */ = {isa = PBXBuildFile; fileRef = 600B3FB121F9F088002BCD93 /* WGMapCommonView.m */; };
		604447E522056BA6001F9A70 /* UIView+MJToast.m in Sources */ = {isa = PBXBuildFile; fileRef = 604447E422056BA6001F9A70 /* UIView+MJToast.m */; };
		6047338F21F6A49A00108A62 /* LocationJson.json in Resources */ = {isa = PBXBuildFile; fileRef = 6047338E21F6A49900108A62 /* LocationJson.json */; };
		6047339221F6A55A00108A62 /* LMJProvinceModel.m in Sources */ = {isa = PBXBuildFile; fileRef = 6047339121F6A55A00108A62 /* LMJProvinceModel.m */; };
		6051A56921FAB476009DED71 /* LMJBaseNaviController.m in Sources */ = {isa = PBXBuildFile; fileRef = 6051A56821FAB476009DED71 /* LMJBaseNaviController.m */; };
		6051A56E21FB53E3009DED71 /* ChinaMapPaths.plist in Resources */ = {isa = PBXBuildFile; fileRef = 6051A56C21FB53E2009DED71 /* ChinaMapPaths.plist */; };
		6051A57721FB6073009DED71 /* provinceInfo.plist in Resources */ = {isa = PBXBuildFile; fileRef = 6051A57621FB6072009DED71 /* provinceInfo.plist */; };
		6051A57A21FB69C0009DED71 /* UILabel+Color.m in Sources */ = {isa = PBXBuildFile; fileRef = 6051A57921FB69C0009DED71 /* UILabel+Color.m */; };
		60A28DC121F607AD00199217 /* AppDelegate.m in Sources */ = {isa = PBXBuildFile; fileRef = 60A28DC021F607AD00199217 /* AppDelegate.m */; };
		60A28DC421F607AD00199217 /* LMJMainViewController.m in Sources */ = {isa = PBXBuildFile; fileRef = 60A28DC321F607AD00199217 /* LMJMainViewController.m */; };
		60A28DC721F607AD00199217 /* Main.storyboard in Resources */ = {isa = PBXBuildFile; fileRef = 60A28DC521F607AD00199217 /* Main.storyboard */; };
		60A28DC921F607AF00199217 /* Assets.xcassets in Resources */ = {isa = PBXBuildFile; fileRef = 60A28DC821F607AF00199217 /* Assets.xcassets */; };
		60A28DCC21F607AF00199217 /* LaunchScreen.storyboard in Resources */ = {isa = PBXBuildFile; fileRef = 60A28DCA21F607AF00199217 /* LaunchScreen.storyboard */; };
		60A28DCF21F607AF00199217 /* main.m in Sources */ = {isa = PBXBuildFile; fileRef = 60A28DCE21F607AF00199217 /* main.m */; };
		60A28DD921F607AF00199217 /* FootmarkMapTests.m in Sources */ = {isa = PBXBuildFile; fileRef = 60A28DD821F607AF00199217 /* FootmarkMapTests.m */; };
		60A28E6621F60B0A00199217 /* NSLayoutConstraint+MASDebugAdditions.m in Sources */ = {isa = PBXBuildFile; fileRef = 60A28DED21F60B0900199217 /* NSLayoutConstraint+MASDebugAdditions.m */; };
		60A28E7A21F60B0A00199217 /* ViewController+MASAdditions.m in Sources */ = {isa = PBXBuildFile; fileRef = 60A28E2321F60B0900199217 /* ViewController+MASAdditions.m */; };
		60A28E7B21F60B0A00199217 /* MASCompositeConstraint.m in Sources */ = {isa = PBXBuildFile; fileRef = 60A28E2721F60B0900199217 /* MASCompositeConstraint.m */; };
		60A28E7C21F60B0A00199217 /* MASConstraintMaker.m in Sources */ = {isa = PBXBuildFile; fileRef = 60A28E2821F60B0900199217 /* MASConstraintMaker.m */; };
		60A28E7D21F60B0A00199217 /* MASLayoutConstraint.m in Sources */ = {isa = PBXBuildFile; fileRef = 60A28E2921F60B0900199217 /* MASLayoutConstraint.m */; };
		60A28E7E21F60B0A00199217 /* NSArray+MASAdditions.m in Sources */ = {isa = PBXBuildFile; fileRef = 60A28E2A21F60B0900199217 /* NSArray+MASAdditions.m */; };
		60A28E7F21F60B0A00199217 /* View+MASAdditions.m in Sources */ = {isa = PBXBuildFile; fileRef = 60A28E2B21F60B0900199217 /* View+MASAdditions.m */; };
		60A28E8021F60B0A00199217 /* MASConstraint.m in Sources */ = {isa = PBXBuildFile; fileRef = 60A28E2E21F60B0900199217 /* MASConstraint.m */; };
		60A28E8121F60B0A00199217 /* MASViewConstraint.m in Sources */ = {isa = PBXBuildFile; fileRef = 60A28E3021F60B0900199217 /* MASViewConstraint.m */; };
		60A28E8221F60B0A00199217 /* MASViewAttribute.m in Sources */ = {isa = PBXBuildFile; fileRef = 60A28E3121F60B0900199217 /* MASViewAttribute.m */; };
		60A28E8321F60B0A00199217 /* MJPropertyType.m in Sources */ = {isa = PBXBuildFile; fileRef = 60A28E3621F60B0A00199217 /* MJPropertyType.m */; };
		60A28E8421F60B0A00199217 /* NSObject+MJKeyValue.m in Sources */ = {isa = PBXBuildFile; fileRef = 60A28E3921F60B0A00199217 /* NSObject+MJKeyValue.m */; };
		60A28E8521F60B0A00199217 /* MJProperty.m in Sources */ = {isa = PBXBuildFile; fileRef = 60A28E3A21F60B0A00199217 /* MJProperty.m */; };
		60A28E8621F60B0A00199217 /* NSObject+MJCoding.m in Sources */ = {isa = PBXBuildFile; fileRef = 60A28E3C21F60B0A00199217 /* NSObject+MJCoding.m */; };
		60A28E8721F60B0A00199217 /* MJExtensionConst.m in Sources */ = {isa = PBXBuildFile; fileRef = 60A28E3E21F60B0A00199217 /* MJExtensionConst.m */; };
		60A28E8821F60B0A00199217 /* NSObject+MJProperty.m in Sources */ = {isa = PBXBuildFile; fileRef = 60A28E3F21F60B0A00199217 /* NSObject+MJProperty.m */; };
		60A28E8921F60B0A00199217 /* NSObject+MJClass.m in Sources */ = {isa = PBXBuildFile; fileRef = 60A28E4121F60B0A00199217 /* NSObject+MJClass.m */; };
		60A28E8A21F60B0A00199217 /* NSString+MJExtension.m in Sources */ = {isa = PBXBuildFile; fileRef = 60A28E4221F60B0A00199217 /* NSString+MJExtension.m */; };
		60A28E8B21F60B0A00199217 /* MJPropertyKey.m in Sources */ = {isa = PBXBuildFile; fileRef = 60A28E4321F60B0A00199217 /* MJPropertyKey.m */; };
		60A28E8C21F60B0A00199217 /* MJFoundation.m in Sources */ = {isa = PBXBuildFile; fileRef = 60A28E4721F60B0A00199217 /* MJFoundation.m */; };
		60A28E9D21F60BCA00199217 /* LMJCollectionViewController.m in Sources */ = {isa = PBXBuildFile; fileRef = 60A28E9C21F60BCA00199217 /* LMJCollectionViewController.m */; };
		60A28EA321F60CD500199217 /* LMJCategoryCell.m in Sources */ = {isa = PBXBuildFile; fileRef = 60A28EA121F60CD400199217 /* LMJCategoryCell.m */; };
		60A28EAB21F60CEA00199217 /* LMJProductHeadView.m in Sources */ = {isa = PBXBuildFile; fileRef = 60A28EA821F60CEA00199217 /* LMJProductHeadView.m */; };
		60A28EB821F60D4900199217 /* UIImage+Color.m in Sources */ = {isa = PBXBuildFile; fileRef = 60A28EB421F60D4900199217 /* UIImage+Color.m */; };
		60A28EBC21F6134100199217 /* LMJCollectionViewCell.m in Sources */ = {isa = PBXBuildFile; fileRef = 60A28EBB21F6134100199217 /* LMJCollectionViewCell.m */; };
/* End PBXBuildFile section */

/* Begin PBXContainerItemProxy section */
		60A28DD521F607AF00199217 /* PBXContainerItemProxy */ = {
			isa = PBXContainerItemProxy;
			containerPortal = 60A28DB421F607AD00199217 /* Project object */;
			proxyType = 1;
			remoteGlobalIDString = 60A28DBB21F607AD00199217;
			remoteInfo = FootmarkMap;
		};
/* End PBXContainerItemProxy section */

/* Begin PBXFileReference section */
		600B3FA921F9EE2F002BCD93 /* LMJMapViewController.h */ = {isa = PBXFileReference; lastKnownFileType = sourcecode.c.h; path = LMJMapViewController.h; sourceTree = "<group>"; };
		600B3FAA21F9EE2F002BCD93 /* LMJMapViewController.m */ = {isa = PBXFileReference; lastKnownFileType = sourcecode.c.objc; path = LMJMapViewController.m; sourceTree = "<group>"; };
		600B3FB021F9F088002BCD93 /* WGMapCommonView.h */ = {isa = PBXFileReference; fileEncoding = 4; lastKnownFileType = sourcecode.c.h; path = WGMapCommonView.h; sourceTree = "<group>"; };
		600B3FB121F9F088002BCD93 /* WGMapCommonView.m */ = {isa = PBXFileReference; fileEncoding = 4; lastKnownFileType = sourcecode.c.objc; path = WGMapCommonView.m; sourceTree = "<group>"; };
		604447E322056BA5001F9A70 /* UIView+MJToast.h */ = {isa = PBXFileReference; fileEncoding = 4; lastKnownFileType = sourcecode.c.h; path = "UIView+MJToast.h"; sourceTree = "<group>"; };
		604447E422056BA6001F9A70 /* UIView+MJToast.m */ = {isa = PBXFileReference; fileEncoding = 4; lastKnownFileType = sourcecode.c.objc; path = "UIView+MJToast.m"; sourceTree = "<group>"; };
		6047338E21F6A49900108A62 /* LocationJson.json */ = {isa = PBXFileReference; fileEncoding = 4; lastKnownFileType = text.json; path = LocationJson.json; sourceTree = "<group>"; };
		6047339021F6A55A00108A62 /* LMJProvinceModel.h */ = {isa = PBXFileReference; lastKnownFileType = sourcecode.c.h; path = LMJProvinceModel.h; sourceTree = "<group>"; };
		6047339121F6A55A00108A62 /* LMJProvinceModel.m */ = {isa = PBXFileReference; lastKnownFileType = sourcecode.c.objc; path = LMJProvinceModel.m; sourceTree = "<group>"; };
		6051A56721FAB476009DED71 /* LMJBaseNaviController.h */ = {isa = PBXFileReference; lastKnownFileType = sourcecode.c.h; path = LMJBaseNaviController.h; sourceTree = "<group>"; };
		6051A56821FAB476009DED71 /* LMJBaseNaviController.m */ = {isa = PBXFileReference; lastKnownFileType = sourcecode.c.objc; path = LMJBaseNaviController.m; sourceTree = "<group>"; };
		6051A56C21FB53E2009DED71 /* ChinaMapPaths.plist */ = {isa = PBXFileReference; lastKnownFileType = file.bplist; path = ChinaMapPaths.plist; sourceTree = "<group>"; };
		6051A57621FB6072009DED71 /* provinceInfo.plist */ = {isa = PBXFileReference; lastKnownFileType = file.bplist; path = provinceInfo.plist; sourceTree = "<group>"; };
		6051A57821FB69C0009DED71 /* UILabel+Color.h */ = {isa = PBXFileReference; lastKnownFileType = sourcecode.c.h; path = "UILabel+Color.h"; sourceTree = "<group>"; };
		6051A57921FB69C0009DED71 /* UILabel+Color.m */ = {isa = PBXFileReference; lastKnownFileType = sourcecode.c.objc; path = "UILabel+Color.m"; sourceTree = "<group>"; };
		60A28DBC21F607AD00199217 /* FootmarkMap.app */ = {isa = PBXFileReference; explicitFileType = wrapper.application; includeInIndex = 0; path = FootmarkMap.app; sourceTree = BUILT_PRODUCTS_DIR; };
		60A28DBF21F607AD00199217 /* AppDelegate.h */ = {isa = PBXFileReference; lastKnownFileType = sourcecode.c.h; path = AppDelegate.h; sourceTree = "<group>"; };
		60A28DC021F607AD00199217 /* AppDelegate.m */ = {isa = PBXFileReference; lastKnownFileType = sourcecode.c.objc; path = AppDelegate.m; sourceTree = "<group>"; };
		60A28DC221F607AD00199217 /* LMJMainViewController.h */ = {isa = PBXFileReference; lastKnownFileType = sourcecode.c.h; path = LMJMainViewController.h; sourceTree = "<group>"; };
		60A28DC321F607AD00199217 /* LMJMainViewController.m */ = {isa = PBXFileReference; lastKnownFileType = sourcecode.c.objc; path = LMJMainViewController.m; sourceTree = "<group>"; };
		60A28DC621F607AD00199217 /* Base */ = {isa = PBXFileReference; lastKnownFileType = file.storyboard; name = Base; path = Base.lproj/Main.storyboard; sourceTree = "<group>"; };
		60A28DC821F607AF00199217 /* Assets.xcassets */ = {isa = PBXFileReference; lastKnownFileType = folder.assetcatalog; path = Assets.xcassets; sourceTree = "<group>"; };
		60A28DCB21F607AF00199217 /* Base */ = {isa = PBXFileReference; lastKnownFileType = file.storyboard; name = Base; path = Base.lproj/LaunchScreen.storyboard; sourceTree = "<group>"; };
		60A28DCD21F607AF00199217 /* Info.plist */ = {isa = PBXFileReference; lastKnownFileType = text.plist.xml; path = Info.plist; sourceTree = "<group>"; };
		60A28DCE21F607AF00199217 /* main.m */ = {isa = PBXFileReference; lastKnownFileType = sourcecode.c.objc; path = main.m; sourceTree = "<group>"; };
		60A28DD421F607AF00199217 /* FootmarkMapTests.xctest */ = {isa = PBXFileReference; explicitFileType = wrapper.cfbundle; includeInIndex = 0; path = FootmarkMapTests.xctest; sourceTree = BUILT_PRODUCTS_DIR; };
		60A28DD821F607AF00199217 /* FootmarkMapTests.m */ = {isa = PBXFileReference; lastKnownFileType = sourcecode.c.objc; path = FootmarkMapTests.m; sourceTree = "<group>"; };
		60A28DDA21F607AF00199217 /* Info.plist */ = {isa = PBXFileReference; lastKnownFileType = text.plist.xml; path = Info.plist; sourceTree = "<group>"; };
		60A28DE321F6085800199217 /* PrefixHeader.pch */ = {isa = PBXFileReference; lastKnownFileType = sourcecode.c.h; path = PrefixHeader.pch; sourceTree = "<group>"; };
		60A28DEC21F60B0900199217 /* MASCompositeConstraint.h */ = {isa = PBXFileReference; fileEncoding = 4; lastKnownFileType = sourcecode.c.h; path = MASCompositeConstraint.h; sourceTree = "<group>"; };
		60A28DED21F60B0900199217 /* NSLayoutConstraint+MASDebugAdditions.m */ = {isa = PBXFileReference; fileEncoding = 4; lastKnownFileType = sourcecode.c.objc; path = "NSLayoutConstraint+MASDebugAdditions.m"; sourceTree = "<group>"; };
		60A28DEE21F60B0900199217 /* MASConstraint+Private.h */ = {isa = PBXFileReference; fileEncoding = 4; lastKnownFileType = sourcecode.c.h; path = "MASConstraint+Private.h"; sourceTree = "<group>"; };
		60A28DEF21F60B0900199217 /* MASLayoutConstraint.h */ = {isa = PBXFileReference; fileEncoding = 4; lastKnownFileType = sourcecode.c.h; path = MASLayoutConstraint.h; sourceTree = "<group>"; };
		60A28DF021F60B0900199217 /* NSArray+MASShorthandAdditions.h */ = {isa = PBXFileReference; fileEncoding = 4; lastKnownFileType = sourcecode.c.h; path = "NSArray+MASShorthandAdditions.h"; sourceTree = "<group>"; };
		60A28DF121F60B0900199217 /* MASConstraintMaker.h */ = {isa = PBXFileReference; fileEncoding = 4; lastKnownFileType = sourcecode.c.h; path = MASConstraintMaker.h; sourceTree = "<group>"; };
		60A28E1F21F60B0900199217 /* View+MASAdditions.h */ = {isa = PBXFileReference; fileEncoding = 4; lastKnownFileType = sourcecode.c.h; path = "View+MASAdditions.h"; sourceTree = "<group>"; };
		60A28E2021F60B0900199217 /* NSArray+MASAdditions.h */ = {isa = PBXFileReference; fileEncoding = 4; lastKnownFileType = sourcecode.c.h; path = "NSArray+MASAdditions.h"; sourceTree = "<group>"; };
		60A28E2121F60B0900199217 /* MASUtilities.h */ = {isa = PBXFileReference; fileEncoding = 4; lastKnownFileType = sourcecode.c.h; path = MASUtilities.h; sourceTree = "<group>"; };
		60A28E2221F60B0900199217 /* MASViewAttribute.h */ = {isa = PBXFileReference; fileEncoding = 4; lastKnownFileType = sourcecode.c.h; path = MASViewAttribute.h; sourceTree = "<group>"; };
		60A28E2321F60B0900199217 /* ViewController+MASAdditions.m */ = {isa = PBXFileReference; fileEncoding = 4; lastKnownFileType = sourcecode.c.objc; path = "ViewController+MASAdditions.m"; sourceTree = "<group>"; };
		60A28E2421F60B0900199217 /* MASViewConstraint.h */ = {isa = PBXFileReference; fileEncoding = 4; lastKnownFileType = sourcecode.c.h; path = MASViewConstraint.h; sourceTree = "<group>"; };
		60A28E2521F60B0900199217 /* MASConstraint.h */ = {isa = PBXFileReference; fileEncoding = 4; lastKnownFileType = sourcecode.c.h; path = MASConstraint.h; sourceTree = "<group>"; };
		60A28E2621F60B0900199217 /* NSLayoutConstraint+MASDebugAdditions.h */ = {isa = PBXFileReference; fileEncoding = 4; lastKnownFileType = sourcecode.c.h; path = "NSLayoutConstraint+MASDebugAdditions.h"; sourceTree = "<group>"; };
		60A28E2721F60B0900199217 /* MASCompositeConstraint.m */ = {isa = PBXFileReference; fileEncoding = 4; lastKnownFileType = sourcecode.c.objc; path = MASCompositeConstraint.m; sourceTree = "<group>"; };
		60A28E2821F60B0900199217 /* MASConstraintMaker.m */ = {isa = PBXFileReference; fileEncoding = 4; lastKnownFileType = sourcecode.c.objc; path = MASConstraintMaker.m; sourceTree = "<group>"; };
		60A28E2921F60B0900199217 /* MASLayoutConstraint.m */ = {isa = PBXFileReference; fileEncoding = 4; lastKnownFileType = sourcecode.c.objc; path = MASLayoutConstraint.m; sourceTree = "<group>"; };
		60A28E2A21F60B0900199217 /* NSArray+MASAdditions.m */ = {isa = PBXFileReference; fileEncoding = 4; lastKnownFileType = sourcecode.c.objc; path = "NSArray+MASAdditions.m"; sourceTree = "<group>"; };
		60A28E2B21F60B0900199217 /* View+MASAdditions.m */ = {isa = PBXFileReference; fileEncoding = 4; lastKnownFileType = sourcecode.c.objc; path = "View+MASAdditions.m"; sourceTree = "<group>"; };
		60A28E2C21F60B0900199217 /* View+MASShorthandAdditions.h */ = {isa = PBXFileReference; fileEncoding = 4; lastKnownFileType = sourcecode.c.h; path = "View+MASShorthandAdditions.h"; sourceTree = "<group>"; };
		60A28E2D21F60B0900199217 /* Masonry.h */ = {isa = PBXFileReference; fileEncoding = 4; lastKnownFileType = sourcecode.c.h; path = Masonry.h; sourceTree = "<group>"; };
		60A28E2E21F60B0900199217 /* MASConstraint.m */ = {isa = PBXFileReference; fileEncoding = 4; lastKnownFileType = sourcecode.c.objc; path = MASConstraint.m; sourceTree = "<group>"; };
		60A28E2F21F60B0900199217 /* ViewController+MASAdditions.h */ = {isa = PBXFileReference; fileEncoding = 4; lastKnownFileType = sourcecode.c.h; path = "ViewController+MASAdditions.h"; sourceTree = "<group>"; };
		60A28E3021F60B0900199217 /* MASViewConstraint.m */ = {isa = PBXFileReference; fileEncoding = 4; lastKnownFileType = sourcecode.c.objc; path = MASViewConstraint.m; sourceTree = "<group>"; };
		60A28E3121F60B0900199217 /* MASViewAttribute.m */ = {isa = PBXFileReference; fileEncoding = 4; lastKnownFileType = sourcecode.c.objc; path = MASViewAttribute.m; sourceTree = "<group>"; };
		60A28E3321F60B0A00199217 /* MJPropertyKey.h */ = {isa = PBXFileReference; fileEncoding = 4; lastKnownFileType = sourcecode.c.h; path = MJPropertyKey.h; sourceTree = "<group>"; };
		60A28E3421F60B0A00199217 /* NSObject+MJClass.h */ = {isa = PBXFileReference; fileEncoding = 4; lastKnownFileType = sourcecode.c.h; path = "NSObject+MJClass.h"; sourceTree = "<group>"; };
		60A28E3521F60B0A00199217 /* NSString+MJExtension.h */ = {isa = PBXFileReference; fileEncoding = 4; lastKnownFileType = sourcecode.c.h; path = "NSString+MJExtension.h"; sourceTree = "<group>"; };
		60A28E3621F60B0A00199217 /* MJPropertyType.m */ = {isa = PBXFileReference; fileEncoding = 4; lastKnownFileType = sourcecode.c.objc; path = MJPropertyType.m; sourceTree = "<group>"; };
		60A28E3721F60B0A00199217 /* NSObject+MJProperty.h */ = {isa = PBXFileReference; fileEncoding = 4; lastKnownFileType = sourcecode.c.h; path = "NSObject+MJProperty.h"; sourceTree = "<group>"; };
		60A28E3821F60B0A00199217 /* MJExtensionConst.h */ = {isa = PBXFileReference; fileEncoding = 4; lastKnownFileType = sourcecode.c.h; path = MJExtensionConst.h; sourceTree = "<group>"; };
		60A28E3921F60B0A00199217 /* NSObject+MJKeyValue.m */ = {isa = PBXFileReference; fileEncoding = 4; lastKnownFileType = sourcecode.c.objc; path = "NSObject+MJKeyValue.m"; sourceTree = "<group>"; };
		60A28E3A21F60B0A00199217 /* MJProperty.m */ = {isa = PBXFileReference; fileEncoding = 4; lastKnownFileType = sourcecode.c.objc; path = MJProperty.m; sourceTree = "<group>"; };
		60A28E3B21F60B0A00199217 /* MJFoundation.h */ = {isa = PBXFileReference; fileEncoding = 4; lastKnownFileType = sourcecode.c.h; path = MJFoundation.h; sourceTree = "<group>"; };
		60A28E3C21F60B0A00199217 /* NSObject+MJCoding.m */ = {isa = PBXFileReference; fileEncoding = 4; lastKnownFileType = sourcecode.c.objc; path = "NSObject+MJCoding.m"; sourceTree = "<group>"; };
		60A28E3D21F60B0A00199217 /* MJExtension.h */ = {isa = PBXFileReference; fileEncoding = 4; lastKnownFileType = sourcecode.c.h; path = MJExtension.h; sourceTree = "<group>"; };
		60A28E3E21F60B0A00199217 /* MJExtensionConst.m */ = {isa = PBXFileReference; fileEncoding = 4; lastKnownFileType = sourcecode.c.objc; path = MJExtensionConst.m; sourceTree = "<group>"; };
		60A28E3F21F60B0A00199217 /* NSObject+MJProperty.m */ = {isa = PBXFileReference; fileEncoding = 4; lastKnownFileType = sourcecode.c.objc; path = "NSObject+MJProperty.m"; sourceTree = "<group>"; };
		60A28E4021F60B0A00199217 /* MJPropertyType.h */ = {isa = PBXFileReference; fileEncoding = 4; lastKnownFileType = sourcecode.c.h; path = MJPropertyType.h; sourceTree = "<group>"; };
		60A28E4121F60B0A00199217 /* NSObject+MJClass.m */ = {isa = PBXFileReference; fileEncoding = 4; lastKnownFileType = sourcecode.c.objc; path = "NSObject+MJClass.m"; sourceTree = "<group>"; };
		60A28E4221F60B0A00199217 /* NSString+MJExtension.m */ = {isa = PBXFileReference; fileEncoding = 4; lastKnownFileType = sourcecode.c.objc; path = "NSString+MJExtension.m"; sourceTree = "<group>"; };
		60A28E4321F60B0A00199217 /* MJPropertyKey.m */ = {isa = PBXFileReference; fileEncoding = 4; lastKnownFileType = sourcecode.c.objc; path = MJPropertyKey.m; sourceTree = "<group>"; };
		60A28E4421F60B0A00199217 /* MJProperty.h */ = {isa = PBXFileReference; fileEncoding = 4; lastKnownFileType = sourcecode.c.h; path = MJProperty.h; sourceTree = "<group>"; };
		60A28E4521F60B0A00199217 /* NSObject+MJKeyValue.h */ = {isa = PBXFileReference; fileEncoding = 4; lastKnownFileType = sourcecode.c.h; path = "NSObject+MJKeyValue.h"; sourceTree = "<group>"; };
		60A28E4621F60B0A00199217 /* NSObject+MJCoding.h */ = {isa = PBXFileReference; fileEncoding = 4; lastKnownFileType = sourcecode.c.h; path = "NSObject+MJCoding.h"; sourceTree = "<group>"; };
		60A28E4721F60B0A00199217 /* MJFoundation.m */ = {isa = PBXFileReference; fileEncoding = 4; lastKnownFileType = sourcecode.c.objc; path = MJFoundation.m; sourceTree = "<group>"; };
		60A28E9B21F60BCA00199217 /* LMJCollectionViewController.h */ = {isa = PBXFileReference; lastKnownFileType = sourcecode.c.h; path = LMJCollectionViewController.h; sourceTree = "<group>"; };
		60A28E9C21F60BCA00199217 /* LMJCollectionViewController.m */ = {isa = PBXFileReference; lastKnownFileType = sourcecode.c.objc; path = LMJCollectionViewController.m; sourceTree = "<group>"; };
		60A28E9F21F60CD400199217 /* LMJCategoryCell.h */ = {isa = PBXFileReference; fileEncoding = 4; lastKnownFileType = sourcecode.c.h; path = LMJCategoryCell.h; sourceTree = "<group>"; };
		60A28EA121F60CD400199217 /* LMJCategoryCell.m */ = {isa = PBXFileReference; fileEncoding = 4; lastKnownFileType = sourcecode.c.objc; path = LMJCategoryCell.m; sourceTree = "<group>"; };
		60A28EA621F60CEA00199217 /* LMJProductHeadView.h */ = {isa = PBXFileReference; fileEncoding = 4; lastKnownFileType = sourcecode.c.h; path = LMJProductHeadView.h; sourceTree = "<group>"; };
		60A28EA821F60CEA00199217 /* LMJProductHeadView.m */ = {isa = PBXFileReference; fileEncoding = 4; lastKnownFileType = sourcecode.c.objc; path = LMJProductHeadView.m; sourceTree = "<group>"; };
		60A28EB421F60D4900199217 /* UIImage+Color.m */ = {isa = PBXFileReference; fileEncoding = 4; lastKnownFileType = sourcecode.c.objc; path = "UIImage+Color.m"; sourceTree = "<group>"; };
		60A28EB521F60D4900199217 /* UIImage+Color.h */ = {isa = PBXFileReference; fileEncoding = 4; lastKnownFileType = sourcecode.c.h; path = "UIImage+Color.h"; sourceTree = "<group>"; };
		60A28EBA21F6134100199217 /* LMJCollectionViewCell.h */ = {isa = PBXFileReference; lastKnownFileType = sourcecode.c.h; path = LMJCollectionViewCell.h; sourceTree = "<group>"; };
		60A28EBB21F6134100199217 /* LMJCollectionViewCell.m */ = {isa = PBXFileReference; lastKnownFileType = sourcecode.c.objc; path = LMJCollectionViewCell.m; sourceTree = "<group>"; };
/* End PBXFileReference section */

/* Begin PBXFrameworksBuildPhase section */
		60A28DB921F607AD00199217 /* Frameworks */ = {
			isa = PBXFrameworksBuildPhase;
			buildActionMask = 2147483647;
			files = (
			);
			runOnlyForDeploymentPostprocessing = 0;
		};
		60A28DD121F607AF00199217 /* Frameworks */ = {
			isa = PBXFrameworksBuildPhase;
			buildActionMask = 2147483647;
			files = (
			);
			runOnlyForDeploymentPostprocessing = 0;
		};
/* End PBXFrameworksBuildPhase section */

/* Begin PBXGroup section */
		601BCE232223E6E1002F682E /* WGMap */ = {
			isa = PBXGroup;
			children = (
				600B3FB021F9F088002BCD93 /* WGMapCommonView.h */,
				600B3FB121F9F088002BCD93 /* WGMapCommonView.m */,
			);
			path = WGMap;
			sourceTree = "<group>";
		};
		6051A56521FAB419009DED71 /* MainVC */ = {
			isa = PBXGroup;
			children = (
				60A28DE421F60A5A00199217 /* Controller */,
				60A28DE621F60A6900199217 /* Views */,
				60A28DE521F60A6300199217 /* Model */,
			);
			path = MainVC;
			sourceTree = "<group>";
		};
		6051A56621FAB450009DED71 /* BaseVC */ = {
			isa = PBXGroup;
			children = (
				6051A56721FAB476009DED71 /* LMJBaseNaviController.h */,
				6051A56821FAB476009DED71 /* LMJBaseNaviController.m */,
			);
			path = BaseVC;
			sourceTree = "<group>";
		};
		60A28DB321F607AD00199217 = {
			isa = PBXGroup;
			children = (
				60A28DBE21F607AD00199217 /* FootmarkMap */,
				60A28DC821F607AF00199217 /* Assets.xcassets */,
				60A28DD721F607AF00199217 /* FootmarkMapTests */,
				60A28DBD21F607AD00199217 /* Products */,
			);
			sourceTree = "<group>";
		};
		60A28DBD21F607AD00199217 /* Products */ = {
			isa = PBXGroup;
			children = (
				60A28DBC21F607AD00199217 /* FootmarkMap.app */,
				60A28DD421F607AF00199217 /* FootmarkMapTests.xctest */,
			);
			name = Products;
			sourceTree = "<group>";
		};
		60A28DBE21F607AD00199217 /* FootmarkMap */ = {
			isa = PBXGroup;
			children = (
				60A28DBF21F607AD00199217 /* AppDelegate.h */,
				60A28DC021F607AD00199217 /* AppDelegate.m */,
				6051A56521FAB419009DED71 /* MainVC */,
				60A28EB321F60D3B00199217 /* Category */,
				60A28DE721F60A6F00199217 /* Resources */,
				60A28DEA21F60AF600199217 /* thirdLibrary */,
				6051A56621FAB450009DED71 /* BaseVC */,
				60A28DCD21F607AF00199217 /* Info.plist */,
				60A28DCA21F607AF00199217 /* LaunchScreen.storyboard */,
				60A28DCE21F607AF00199217 /* main.m */,
				60A28DC521F607AD00199217 /* Main.storyboard */,
				60A28DE321F6085800199217 /* PrefixHeader.pch */,
			);
			path = FootmarkMap;
			sourceTree = "<group>";
		};
		60A28DD721F607AF00199217 /* FootmarkMapTests */ = {
			isa = PBXGroup;
			children = (
				60A28DD821F607AF00199217 /* FootmarkMapTests.m */,
				60A28DDA21F607AF00199217 /* Info.plist */,
			);
			path = FootmarkMapTests;
			sourceTree = "<group>";
		};
		60A28DE421F60A5A00199217 /* Controller */ = {
			isa = PBXGroup;
			children = (
				60A28DC221F607AD00199217 /* LMJMainViewController.h */,
				60A28DC321F607AD00199217 /* LMJMainViewController.m */,
				60A28E9B21F60BCA00199217 /* LMJCollectionViewController.h */,
				60A28E9C21F60BCA00199217 /* LMJCollectionViewController.m */,
				600B3FA921F9EE2F002BCD93 /* LMJMapViewController.h */,
				600B3FAA21F9EE2F002BCD93 /* LMJMapViewController.m */,
			);
			path = Controller;
			sourceTree = "<group>";
		};
		60A28DE521F60A6300199217 /* Model */ = {
			isa = PBXGroup;
			children = (
				6047339021F6A55A00108A62 /* LMJProvinceModel.h */,
				6047339121F6A55A00108A62 /* LMJProvinceModel.m */,
			);
			path = Model;
			sourceTree = "<group>";
		};
		60A28DE621F60A6900199217 /* Views */ = {
			isa = PBXGroup;
			children = (
				60A28EA621F60CEA00199217 /* LMJProductHeadView.h */,
				60A28EA821F60CEA00199217 /* LMJProductHeadView.m */,
				60A28E9F21F60CD400199217 /* LMJCategoryCell.h */,
				60A28EA121F60CD400199217 /* LMJCategoryCell.m */,
				60A28EBA21F6134100199217 /* LMJCollectionViewCell.h */,
				60A28EBB21F6134100199217 /* LMJCollectionViewCell.m */,
			);
			path = Views;
			sourceTree = "<group>";
		};
		60A28DE721F60A6F00199217 /* Resources */ = {
			isa = PBXGroup;
			children = (
				6051A57621FB6072009DED71 /* provinceInfo.plist */,
				6051A56C21FB53E2009DED71 /* ChinaMapPaths.plist */,
				6047338E21F6A49900108A62 /* LocationJson.json */,
			);
			path = Resources;
			sourceTree = "<group>";
		};
		60A28DEA21F60AF600199217 /* thirdLibrary */ = {
			isa = PBXGroup;
			children = (
				601BCE232223E6E1002F682E /* WGMap */,
				60A28DEB21F60B0900199217 /* Masonry */,
				60A28E3221F60B0A00199217 /* MJExtension */,
			);
			path = thirdLibrary;
			sourceTree = "<group>";
		};
		60A28DEB21F60B0900199217 /* Masonry */ = {
			isa = PBXGroup;
			children = (
				60A28DEC21F60B0900199217 /* MASCompositeConstraint.h */,
				60A28DED21F60B0900199217 /* NSLayoutConstraint+MASDebugAdditions.m */,
				60A28DEE21F60B0900199217 /* MASConstraint+Private.h */,
				60A28DEF21F60B0900199217 /* MASLayoutConstraint.h */,
				60A28DF021F60B0900199217 /* NSArray+MASShorthandAdditions.h */,
				60A28DF121F60B0900199217 /* MASConstraintMaker.h */,
				60A28E1F21F60B0900199217 /* View+MASAdditions.h */,
				60A28E2021F60B0900199217 /* NSArray+MASAdditions.h */,
				60A28E2121F60B0900199217 /* MASUtilities.h */,
				60A28E2221F60B0900199217 /* MASViewAttribute.h */,
				60A28E2321F60B0900199217 /* ViewController+MASAdditions.m */,
				60A28E2421F60B0900199217 /* MASViewConstraint.h */,
				60A28E2521F60B0900199217 /* MASConstraint.h */,
				60A28E2621F60B0900199217 /* NSLayoutConstraint+MASDebugAdditions.h */,
				60A28E2721F60B0900199217 /* MASCompositeConstraint.m */,
				60A28E2821F60B0900199217 /* MASConstraintMaker.m */,
				60A28E2921F60B0900199217 /* MASLayoutConstraint.m */,
				60A28E2A21F60B0900199217 /* NSArray+MASAdditions.m */,
				60A28E2B21F60B0900199217 /* View+MASAdditions.m */,
				60A28E2C21F60B0900199217 /* View+MASShorthandAdditions.h */,
				60A28E2D21F60B0900199217 /* Masonry.h */,
				60A28E2E21F60B0900199217 /* MASConstraint.m */,
				60A28E2F21F60B0900199217 /* ViewController+MASAdditions.h */,
				60A28E3021F60B0900199217 /* MASViewConstraint.m */,
				60A28E3121F60B0900199217 /* MASViewAttribute.m */,
			);
			path = Masonry;
			sourceTree = "<group>";
		};
		60A28E3221F60B0A00199217 /* MJExtension */ = {
			isa = PBXGroup;
			children = (
				60A28E3321F60B0A00199217 /* MJPropertyKey.h */,
				60A28E3421F60B0A00199217 /* NSObject+MJClass.h */,
				60A28E3521F60B0A00199217 /* NSString+MJExtension.h */,
				60A28E3621F60B0A00199217 /* MJPropertyType.m */,
				60A28E3721F60B0A00199217 /* NSObject+MJProperty.h */,
				60A28E3821F60B0A00199217 /* MJExtensionConst.h */,
				60A28E3921F60B0A00199217 /* NSObject+MJKeyValue.m */,
				60A28E3A21F60B0A00199217 /* MJProperty.m */,
				60A28E3B21F60B0A00199217 /* MJFoundation.h */,
				60A28E3C21F60B0A00199217 /* NSObject+MJCoding.m */,
				60A28E3D21F60B0A00199217 /* MJExtension.h */,
				60A28E3E21F60B0A00199217 /* MJExtensionConst.m */,
				60A28E3F21F60B0A00199217 /* NSObject+MJProperty.m */,
				60A28E4021F60B0A00199217 /* MJPropertyType.h */,
				60A28E4121F60B0A00199217 /* NSObject+MJClass.m */,
				60A28E4221F60B0A00199217 /* NSString+MJExtension.m */,
				60A28E4321F60B0A00199217 /* MJPropertyKey.m */,
				60A28E4421F60B0A00199217 /* MJProperty.h */,
				60A28E4521F60B0A00199217 /* NSObject+MJKeyValue.h */,
				60A28E4621F60B0A00199217 /* NSObject+MJCoding.h */,
				60A28E4721F60B0A00199217 /* MJFoundation.m */,
			);
			path = MJExtension;
			sourceTree = "<group>";
		};
		60A28EB321F60D3B00199217 /* Category */ = {
			isa = PBXGroup;
			children = (
				604447E322056BA5001F9A70 /* UIView+MJToast.h */,
				604447E422056BA6001F9A70 /* UIView+MJToast.m */,
				60A28EB521F60D4900199217 /* UIImage+Color.h */,
				60A28EB421F60D4900199217 /* UIImage+Color.m */,
				6051A57821FB69C0009DED71 /* UILabel+Color.h */,
				6051A57921FB69C0009DED71 /* UILabel+Color.m */,
			);
			path = Category;
			sourceTree = "<group>";
		};
/* End PBXGroup section */

/* Begin PBXNativeTarget section */
		60A28DBB21F607AD00199217 /* FootmarkMap */ = {
			isa = PBXNativeTarget;
			buildConfigurationList = 60A28DDD21F607AF00199217 /* Build configuration list for PBXNativeTarget "FootmarkMap" */;
			buildPhases = (
				60A28DB821F607AD00199217 /* Sources */,
				60A28DB921F607AD00199217 /* Frameworks */,
				60A28DBA21F607AD00199217 /* Resources */,
			);
			buildRules = (
			);
			dependencies = (
			);
			name = FootmarkMap;
			productName = FootmarkMap;
			productReference = 60A28DBC21F607AD00199217 /* FootmarkMap.app */;
			productType = "com.apple.product-type.application";
		};
		60A28DD321F607AF00199217 /* FootmarkMapTests */ = {
			isa = PBXNativeTarget;
			buildConfigurationList = 60A28DE021F607AF00199217 /* Build configuration list for PBXNativeTarget "FootmarkMapTests" */;
			buildPhases = (
				60A28DD021F607AF00199217 /* Sources */,
				60A28DD121F607AF00199217 /* Frameworks */,
				60A28DD221F607AF00199217 /* Resources */,
			);
			buildRules = (
			);
			dependencies = (
				60A28DD621F607AF00199217 /* PBXTargetDependency */,
			);
			name = FootmarkMapTests;
			productName = FootmarkMapTests;
			productReference = 60A28DD421F607AF00199217 /* FootmarkMapTests.xctest */;
			productType = "com.apple.product-type.bundle.unit-test";
		};
/* End PBXNativeTarget section */

/* Begin PBXProject section */
		60A28DB421F607AD00199217 /* Project object */ = {
			isa = PBXProject;
			attributes = {
				LastUpgradeCheck = 0930;
				ORGANIZATIONNAME = MinJing_Lin;
				TargetAttributes = {
					60A28DBB21F607AD00199217 = {
						CreatedOnToolsVersion = 9.3.1;
					};
					60A28DD321F607AF00199217 = {
						CreatedOnToolsVersion = 9.3.1;
						TestTargetID = 60A28DBB21F607AD00199217;
					};
				};
			};
			buildConfigurationList = 60A28DB721F607AD00199217 /* Build configuration list for PBXProject "FootmarkMap" */;
			compatibilityVersion = "Xcode 9.3";
			developmentRegion = en;
			hasScannedForEncodings = 0;
			knownRegions = (
				en,
				Base,
			);
			mainGroup = 60A28DB321F607AD00199217;
			productRefGroup = 60A28DBD21F607AD00199217 /* Products */;
			projectDirPath = "";
			projectRoot = "";
			targets = (
				60A28DBB21F607AD00199217 /* FootmarkMap */,
				60A28DD321F607AF00199217 /* FootmarkMapTests */,
			);
		};
/* End PBXProject section */

/* Begin PBXResourcesBuildPhase section */
		60A28DBA21F607AD00199217 /* Resources */ = {
			isa = PBXResourcesBuildPhase;
			buildActionMask = 2147483647;
			files = (
				60A28DCC21F607AF00199217 /* LaunchScreen.storyboard in Resources */,
				60A28DC921F607AF00199217 /* Assets.xcassets in Resources */,
				6051A57721FB6073009DED71 /* provinceInfo.plist in Resources */,
				6051A56E21FB53E3009DED71 /* ChinaMapPaths.plist in Resources */,
				6047338F21F6A49A00108A62 /* LocationJson.json in Resources */,
				60A28DC721F607AD00199217 /* Main.storyboard in Resources */,
			);
			runOnlyForDeploymentPostprocessing = 0;
		};
		60A28DD221F607AF00199217 /* Resources */ = {
			isa = PBXResourcesBuildPhase;
			buildActionMask = 2147483647;
			files = (
			);
			runOnlyForDeploymentPostprocessing = 0;
		};
/* End PBXResourcesBuildPhase section */

/* Begin PBXSourcesBuildPhase section */
		60A28DB821F607AD00199217 /* Sources */ = {
			isa = PBXSourcesBuildPhase;
			buildActionMask = 2147483647;
			files = (
				60A28DC421F607AD00199217 /* LMJMainViewController.m in Sources */,
				60A28E8421F60B0A00199217 /* NSObject+MJKeyValue.m in Sources */,
				6051A56921FAB476009DED71 /* LMJBaseNaviController.m in Sources */,
				60A28E7B21F60B0A00199217 /* MASCompositeConstraint.m in Sources */,
				60A28E8C21F60B0A00199217 /* MJFoundation.m in Sources */,
				60A28DCF21F607AF00199217 /* main.m in Sources */,
				6051A57A21FB69C0009DED71 /* UILabel+Color.m in Sources */,
				60A28E8B21F60B0A00199217 /* MJPropertyKey.m in Sources */,
				60A28E8521F60B0A00199217 /* MJProperty.m in Sources */,
				60A28E7D21F60B0A00199217 /* MASLayoutConstraint.m in Sources */,
				60A28E8321F60B0A00199217 /* MJPropertyType.m in Sources */,
				60A28EB821F60D4900199217 /* UIImage+Color.m in Sources */,
				60A28E8621F60B0A00199217 /* NSObject+MJCoding.m in Sources */,
				6047339221F6A55A00108A62 /* LMJProvinceModel.m in Sources */,
				60A28EAB21F60CEA00199217 /* LMJProductHeadView.m in Sources */,
				60A28EA321F60CD500199217 /* LMJCategoryCell.m in Sources */,
				60A28E8121F60B0A00199217 /* MASViewConstraint.m in Sources */,
				60A28E7A21F60B0A00199217 /* ViewController+MASAdditions.m in Sources */,
				60A28E8821F60B0A00199217 /* NSObject+MJProperty.m in Sources */,
				600B3FAB21F9EE2F002BCD93 /* LMJMapViewController.m in Sources */,
				60A28DC121F607AD00199217 /* AppDelegate.m in Sources */,
				60A28EBC21F6134100199217 /* LMJCollectionViewCell.m in Sources */,
				60A28E7F21F60B0A00199217 /* View+MASAdditions.m in Sources */,
				60A28E8221F60B0A00199217 /* MASViewAttribute.m in Sources */,
				60A28E8721F60B0A00199217 /* MJExtensionConst.m in Sources */,
				60A28E9D21F60BCA00199217 /* LMJCollectionViewController.m in Sources */,
				60A28E8021F60B0A00199217 /* MASConstraint.m in Sources */,
				60A28E8A21F60B0A00199217 /* NSString+MJExtension.m in Sources */,
				600B3FB221F9F088002BCD93 /* WGMapCommonView.m in Sources */,
				60A28E7C21F60B0A00199217 /* MASConstraintMaker.m in Sources */,
				60A28E8921F60B0A00199217 /* NSObject+MJClass.m in Sources */,
				60A28E7E21F60B0A00199217 /* NSArray+MASAdditions.m in Sources */,
				60A28E6621F60B0A00199217 /* NSLayoutConstraint+MASDebugAdditions.m in Sources */,
				604447E522056BA6001F9A70 /* UIView+MJToast.m in Sources */,
			);
			runOnlyForDeploymentPostprocessing = 0;
		};
		60A28DD021F607AF00199217 /* Sources */ = {
			isa = PBXSourcesBuildPhase;
			buildActionMask = 2147483647;
			files = (
				60A28DD921F607AF00199217 /* FootmarkMapTests.m in Sources */,
			);
			runOnlyForDeploymentPostprocessing = 0;
		};
/* End PBXSourcesBuildPhase section */

/* Begin PBXTargetDependency section */
		60A28DD621F607AF00199217 /* PBXTargetDependency */ = {
			isa = PBXTargetDependency;
			target = 60A28DBB21F607AD00199217 /* FootmarkMap */;
			targetProxy = 60A28DD521F607AF00199217 /* PBXContainerItemProxy */;
		};
/* End PBXTargetDependency section */

/* Begin PBXVariantGroup section */
		60A28DC521F607AD00199217 /* Main.storyboard */ = {
			isa = PBXVariantGroup;
			children = (
				60A28DC621F607AD00199217 /* Base */,
			);
			name = Main.storyboard;
			sourceTree = "<group>";
		};
		60A28DCA21F607AF00199217 /* LaunchScreen.storyboard */ = {
			isa = PBXVariantGroup;
			children = (
				60A28DCB21F607AF00199217 /* Base */,
			);
			name = LaunchScreen.storyboard;
			sourceTree = "<group>";
		};
/* End PBXVariantGroup section */

/* Begin XCBuildConfiguration section */
		60A28DDB21F607AF00199217 /* Debug */ = {
			isa = XCBuildConfiguration;
			buildSettings = {
				ALWAYS_SEARCH_USER_PATHS = NO;
				CLANG_ANALYZER_NONNULL = YES;
				CLANG_ANALYZER_NUMBER_OBJECT_CONVERSION = YES_AGGRESSIVE;
				CLANG_CXX_LANGUAGE_STANDARD = "gnu++14";
				CLANG_CXX_LIBRARY = "libc++";
				CLANG_ENABLE_MODULES = YES;
				CLANG_ENABLE_OBJC_ARC = YES;
				CLANG_ENABLE_OBJC_WEAK = YES;
				CLANG_WARN_BLOCK_CAPTURE_AUTORELEASING = YES;
				CLANG_WARN_BOOL_CONVERSION = YES;
				CLANG_WARN_COMMA = YES;
				CLANG_WARN_CONSTANT_CONVERSION = YES;
				CLANG_WARN_DEPRECATED_OBJC_IMPLEMENTATIONS = YES;
				CLANG_WARN_DIRECT_OBJC_ISA_USAGE = YES_ERROR;
				CLANG_WARN_DOCUMENTATION_COMMENTS = YES;
				CLANG_WARN_EMPTY_BODY = YES;
				CLANG_WARN_ENUM_CONVERSION = YES;
				CLANG_WARN_INFINITE_RECURSION = YES;
				CLANG_WARN_INT_CONVERSION = YES;
				CLANG_WARN_NON_LITERAL_NULL_CONVERSION = YES;
				CLANG_WARN_OBJC_IMPLICIT_RETAIN_SELF = YES;
				CLANG_WARN_OBJC_LITERAL_CONVERSION = YES;
				CLANG_WARN_OBJC_ROOT_CLASS = YES_ERROR;
				CLANG_WARN_RANGE_LOOP_ANALYSIS = YES;
				CLANG_WARN_STRICT_PROTOTYPES = YES;
				CLANG_WARN_SUSPICIOUS_MOVE = YES;
				CLANG_WARN_UNGUARDED_AVAILABILITY = YES_AGGRESSIVE;
				CLANG_WARN_UNREACHABLE_CODE = YES;
				CLANG_WARN__DUPLICATE_METHOD_MATCH = YES;
				CODE_SIGN_IDENTITY = "iPhone Developer";
				COPY_PHASE_STRIP = NO;
				DEBUG_INFORMATION_FORMAT = dwarf;
				ENABLE_STRICT_OBJC_MSGSEND = YES;
				ENABLE_TESTABILITY = YES;
				GCC_C_LANGUAGE_STANDARD = gnu11;
				GCC_DYNAMIC_NO_PIC = NO;
				GCC_NO_COMMON_BLOCKS = YES;
				GCC_OPTIMIZATION_LEVEL = 0;
				GCC_PREPROCESSOR_DEFINITIONS = (
					"DEBUG=1",
					"$(inherited)",
				);
				GCC_WARN_64_TO_32_BIT_CONVERSION = YES;
				GCC_WARN_ABOUT_RETURN_TYPE = YES_ERROR;
				GCC_WARN_UNDECLARED_SELECTOR = YES;
				GCC_WARN_UNINITIALIZED_AUTOS = YES_AGGRESSIVE;
				GCC_WARN_UNUSED_FUNCTION = YES;
				GCC_WARN_UNUSED_VARIABLE = YES;
				IPHONEOS_DEPLOYMENT_TARGET = 11.3;
				MTL_ENABLE_DEBUG_INFO = YES;
				ONLY_ACTIVE_ARCH = YES;
				SDKROOT = iphoneos;
			};
			name = Debug;
		};
		60A28DDC21F607AF00199217 /* Release */ = {
			isa = XCBuildConfiguration;
			buildSettings = {
				ALWAYS_SEARCH_USER_PATHS = NO;
				CLANG_ANALYZER_NONNULL = YES;
				CLANG_ANALYZER_NUMBER_OBJECT_CONVERSION = YES_AGGRESSIVE;
				CLANG_CXX_LANGUAGE_STANDARD = "gnu++14";
				CLANG_CXX_LIBRARY = "libc++";
				CLANG_ENABLE_MODULES = YES;
				CLANG_ENABLE_OBJC_ARC = YES;
				CLANG_ENABLE_OBJC_WEAK = YES;
				CLANG_WARN_BLOCK_CAPTURE_AUTORELEASING = YES;
				CLANG_WARN_BOOL_CONVERSION = YES;
				CLANG_WARN_COMMA = YES;
				CLANG_WARN_CONSTANT_CONVERSION = YES;
				CLANG_WARN_DEPRECATED_OBJC_IMPLEMENTATIONS = YES;
				CLANG_WARN_DIRECT_OBJC_ISA_USAGE = YES_ERROR;
				CLANG_WARN_DOCUMENTATION_COMMENTS = YES;
				CLANG_WARN_EMPTY_BODY = YES;
				CLANG_WARN_ENUM_CONVERSION = YES;
				CLANG_WARN_INFINITE_RECURSION = YES;
				CLANG_WARN_INT_CONVERSION = YES;
				CLANG_WARN_NON_LITERAL_NULL_CONVERSION = YES;
				CLANG_WARN_OBJC_IMPLICIT_RETAIN_SELF = YES;
				CLANG_WARN_OBJC_LITERAL_CONVERSION = YES;
				CLANG_WARN_OBJC_ROOT_CLASS = YES_ERROR;
				CLANG_WARN_RANGE_LOOP_ANALYSIS = YES;
				CLANG_WARN_STRICT_PROTOTYPES = YES;
				CLANG_WARN_SUSPICIOUS_MOVE = YES;
				CLANG_WARN_UNGUARDED_AVAILABILITY = YES_AGGRESSIVE;
				CLANG_WARN_UNREACHABLE_CODE = YES;
				CLANG_WARN__DUPLICATE_METHOD_MATCH = YES;
				CODE_SIGN_IDENTITY = "iPhone Developer";
				COPY_PHASE_STRIP = NO;
				DEBUG_INFORMATION_FORMAT = "dwarf-with-dsym";
				ENABLE_NS_ASSERTIONS = NO;
				ENABLE_STRICT_OBJC_MSGSEND = YES;
				GCC_C_LANGUAGE_STANDARD = gnu11;
				GCC_NO_COMMON_BLOCKS = YES;
				GCC_WARN_64_TO_32_BIT_CONVERSION = YES;
				GCC_WARN_ABOUT_RETURN_TYPE = YES_ERROR;
				GCC_WARN_UNDECLARED_SELECTOR = YES;
				GCC_WARN_UNINITIALIZED_AUTOS = YES_AGGRESSIVE;
				GCC_WARN_UNUSED_FUNCTION = YES;
				GCC_WARN_UNUSED_VARIABLE = YES;
				IPHONEOS_DEPLOYMENT_TARGET = 11.3;
				MTL_ENABLE_DEBUG_INFO = NO;
				SDKROOT = iphoneos;
				VALIDATE_PRODUCT = YES;
			};
			name = Release;
		};
		60A28DDE21F607AF00199217 /* Debug */ = {
			isa = XCBuildConfiguration;
			buildSettings = {
				ASSETCATALOG_COMPILER_APPICON_NAME = AppIcon;
				CODE_SIGN_STYLE = Automatic;
				DEVELOPMENT_TEAM = LW8EKH787L;
				GCC_PRECOMPILE_PREFIX_HEADER = YES;
				GCC_PREFIX_HEADER = "$(SRCROOT)/FootmarkMap/PrefixHeader.pch";
				INFOPLIST_FILE = FootmarkMap/Info.plist;
				LD_RUNPATH_SEARCH_PATHS = (
					"$(inherited)",
					"@executable_path/Frameworks",
				);
				PRODUCT_BUNDLE_IDENTIFIER = com.test.FootmarkMap;
				PRODUCT_NAME = "$(TARGET_NAME)";
				TARGETED_DEVICE_FAMILY = "1,2";
			};
			name = Debug;
		};
		60A28DDF21F607AF00199217 /* Release */ = {
			isa = XCBuildConfiguration;
			buildSettings = {
				ASSETCATALOG_COMPILER_APPICON_NAME = AppIcon;
				CODE_SIGN_STYLE = Automatic;
				DEVELOPMENT_TEAM = LW8EKH787L;
				GCC_PRECOMPILE_PREFIX_HEADER = YES;
				GCC_PREFIX_HEADER = "$(SRCROOT)/FootmarkMap/PrefixHeader.pch";
				INFOPLIST_FILE = FootmarkMap/Info.plist;
				LD_RUNPATH_SEARCH_PATHS = (
					"$(inherited)",
					"@executable_path/Frameworks",
				);
				PRODUCT_BUNDLE_IDENTIFIER = com.test.FootmarkMap;
				PRODUCT_NAME = "$(TARGET_NAME)";
				TARGETED_DEVICE_FAMILY = "1,2";
			};
			name = Release;
		};
		60A28DE121F607AF00199217 /* Debug */ = {
			isa = XCBuildConfiguration;
			buildSettings = {
				BUNDLE_LOADER = "$(TEST_HOST)";
				CODE_SIGN_STYLE = Automatic;
				INFOPLIST_FILE = FootmarkMapTests/Info.plist;
				LD_RUNPATH_SEARCH_PATHS = (
					"$(inherited)",
					"@executable_path/Frameworks",
					"@loader_path/Frameworks",
				);
				PRODUCT_BUNDLE_IDENTIFIER = com.test.FootmarkMapTests;
				PRODUCT_NAME = "$(TARGET_NAME)";
				TARGETED_DEVICE_FAMILY = "1,2";
				TEST_HOST = "$(BUILT_PRODUCTS_DIR)/FootmarkMap.app/FootmarkMap";
			};
			name = Debug;
		};
		60A28DE221F607AF00199217 /* Release */ = {
			isa = XCBuildConfiguration;
			buildSettings = {
				BUNDLE_LOADER = "$(TEST_HOST)";
				CODE_SIGN_STYLE = Automatic;
				INFOPLIST_FILE = FootmarkMapTests/Info.plist;
				LD_RUNPATH_SEARCH_PATHS = (
					"$(inherited)",
					"@executable_path/Frameworks",
					"@loader_path/Frameworks",
				);
				PRODUCT_BUNDLE_IDENTIFIER = com.test.FootmarkMapTests;
				PRODUCT_NAME = "$(TARGET_NAME)";
				TARGETED_DEVICE_FAMILY = "1,2";
				TEST_HOST = "$(BUILT_PRODUCTS_DIR)/FootmarkMap.app/FootmarkMap";
			};
			name = Release;
		};
/* End XCBuildConfiguration section */

/* Begin XCConfigurationList section */
		60A28DB721F607AD00199217 /* Build configuration list for PBXProject "FootmarkMap" */ = {
			isa = XCConfigurationList;
			buildConfigurations = (
				60A28DDB21F607AF00199217 /* Debug */,
				60A28DDC21F607AF00199217 /* Release */,
			);
			defaultConfigurationIsVisible = 0;
			defaultConfigurationName = Release;
		};
		60A28DDD21F607AF00199217 /* Build configuration list for PBXNativeTarget "FootmarkMap" */ = {
			isa = XCConfigurationList;
			buildConfigurations = (
				60A28DDE21F607AF00199217 /* Debug */,
				60A28DDF21F607AF00199217 /* Release */,
			);
			defaultConfigurationIsVisible = 0;
			defaultConfigurationName = Release;
		};
		60A28DE021F607AF00199217 /* Build configuration list for PBXNativeTarget "FootmarkMapTests" */ = {
			isa = XCConfigurationList;
			buildConfigurations = (
				60A28DE121F607AF00199217 /* Debug */,
				60A28DE221F607AF00199217 /* Release */,
			);
			defaultConfigurationIsVisible = 0;
			defaultConfigurationName = Release;
		};
/* End XCConfigurationList section */
	};
	rootObject = 60A28DB421F607AD00199217 /* Project object */;
}
